
Microsoft Visual Studio Solution File, Format Version 12.00
Project("{F2A71F9B-5D33-465A-A702-920D77279786}") = "Papel.Api", "Papel.Api\Papel.Api.fsproj", "{520A8E9F-0B7B-43D2-B12C-43811036AB39}"
EndProject
Global
	GlobalSection(SolutionConfigurationPlatforms) = preSolution
		Debug|Any CPU = Debug|Any CPU
		Release|Any CPU = Release|Any CPU
	EndGlobalSection
	GlobalSection(ProjectConfigurationPlatforms) = postSolution
		{520A8E9F-0B7B-43D2-B12C-43811036AB39}.Debug|Any CPU.ActiveCfg = Debug|Any CPU
		{520A8E9F-0B7B-43D2-B12C-43811036AB39}.Debug|Any CPU.Build.0 = Debug|Any CPU
		{520A8E9F-0B7B-43D2-B12C-43811036AB39}.Release|Any CPU.ActiveCfg = Release|Any CPU
		{520A8E9F-0B7B-43D2-B12C-43811036AB39}.Release|Any CPU.Build.0 = Release|Any CPU
	EndGlobalSection
EndGlobal
